
Microsoft Visual Studio Solution File, Format Version 12.00
# Visual Studio Version 16
VisualStudioVersion = 16.0.31702.278
MinimumVisualStudioVersion = 10.0.40219.1
Project("{9A19103F-16F7-4668-BE54-9A1E7A4F7556}") = "JHolloway.SteamLibrary", "JHolloway.SteamLibrary\JHolloway.SteamLibrary.csproj", "{CD527DB8-A658-4B26-B4BB-A53184D20593}"
EndProject
Project("{FAE04EC0-301F-11D3-BF4B-00C04F79EFBC}") = "JHolloway.SteamLibrary.Tester", "JHolloway.SteamLibrary.Tester\JHolloway.SteamLibrary.Tester.csproj", "{C3DC6F4F-8FD3-4797-B3BC-1A63B05D98DB}"
EndProject
Global
	GlobalSection(SolutionConfigurationPlatforms) = preSolution
		Debug|Any CPU = Debug|Any CPU
		Release|Any CPU = Release|Any CPU
	EndGlobalSection
	GlobalSection(ProjectConfigurationPlatforms) = postSolution
		{CD527DB8-A658-4B26-B4BB-A53184D20593}.Debug|Any CPU.ActiveCfg = Debug|Any CPU
		{CD527DB8-A658-4B26-B4BB-A53184D20593}.Debug|Any CPU.Build.0 = Debug|Any CPU
		{CD527DB8-A658-4B26-B4BB-A53184D20593}.Release|Any CPU.ActiveCfg = Release|Any CPU
		{CD527DB8-A658-4B26-B4BB-A53184D20593}.Release|Any CPU.Build.0 = Release|Any CPU
		{C3DC6F4F-8FD3-4797-B3BC-1A63B05D98DB}.Debug|Any CPU.ActiveCfg = Debug|Any CPU
		{C3DC6F4F-8FD3-4797-B3BC-1A63B05D98DB}.Debug|Any CPU.Build.0 = Debug|Any CPU
		{C3DC6F4F-8FD3-4797-B3BC-1A63B05D98DB}.Release|Any CPU.ActiveCfg = Release|Any CPU
		{C3DC6F4F-8FD3-4797-B3BC-1A63B05D98DB}.Release|Any CPU.Build.0 = Release|Any CPU
	EndGlobalSection
	GlobalSection(SolutionProperties) = preSolution
		HideSolutionNode = FALSE
	EndGlobalSection
	GlobalSection(ExtensibilityGlobals) = postSolution
		SolutionGuid = {80F62B7A-BFFC-4942-9E8F-8A7C9229EF4B}
	EndGlobalSection
EndGlobal
